
Microsoft Visual Studio Solution File, Format Version 12.00
# Visual Studio Version 16
VisualStudioVersion = 16.0.32602.291
MinimumVisualStudioVersion = 10.0.40219.1
Project("{8BC9CEB8-8B4A-11D0-8D11-00A0C91BC942}") = "Exam1", "Exam1\Exam1.vcxproj", "{863C637D-8E20-4A3F-8263-94F057507575}"
EndProject
Global
	GlobalSection(SolutionConfigurationPlatforms) = preSolution
		Debug|x64 = Debug|x64
		Debug|x86 = Debug|x86
		Release|x64 = Release|x64
		Release|x86 = Release|x86
	EndGlobalSection
	GlobalSection(ProjectConfigurationPlatforms) = postSolution
		{863C637D-8E20-4A3F-8263-94F057507575}.Debug|x64.ActiveCfg = Debug|x64
		{863C637D-8E20-4A3F-8263-94F057507575}.Debug|x64.Build.0 = Debug|x64
		{863C637D-8E20-4A3F-8263-94F057507575}.Debug|x86.ActiveCfg = Debug|Win32
		{863C637D-8E20-4A3F-8263-94F057507575}.Debug|x86.Build.0 = Debug|Win32
		{863C637D-8E20-4A3F-8263-94F057507575}.Release|x64.ActiveCfg = Release|x64
		{863C637D-8E20-4A3F-8263-94F057507575}.Release|x64.Build.0 = Release|x64
		{863C637D-8E20-4A3F-8263-94F057507575}.Release|x86.ActiveCfg = Release|Win32
		{863C637D-8E20-4A3F-8263-94F057507575}.Release|x86.Build.0 = Release|Win32
	EndGlobalSection
	GlobalSection(SolutionProperties) = preSolution
		HideSolutionNode = FALSE
	EndGlobalSection
	GlobalSection(ExtensibilityGlobals) = postSolution
		SolutionGuid = {6B1783E0-B591-444E-B72A-A60B8E7092DA}
	EndGlobalSection
EndGlobal
